// !$*UTF8*$!
{
	archiveVersion = 1;
	classes = {
	};
	objectVersion = 46;
	objects = {

/* Begin PBXFileReference section */
		4084D65121FA51A600A27D55 /* #elf.h# */ = {isa = PBXFileReference; lastKnownFileType = text; name = "#elf.h#"; path = "../#elf.h#"; sourceTree = "<group>"; };
		4084D65221FA51A600A27D55 /* asm.h */ = {isa = PBXFileReference; lastKnownFileType = sourcecode.c.h; name = asm.h; path = ../asm.h; sourceTree = "<group>"; };
		4084D65321FA51A600A27D55 /* bio.c */ = {isa = PBXFileReference; lastKnownFileType = sourcecode.c.c; name = bio.c; path = ../bio.c; sourceTree = "<group>"; };
		4084D65421FA51A600A27D55 /* bootasm.S */ = {isa = PBXFileReference; lastKnownFileType = sourcecode.asm; name = bootasm.S; path = ../bootasm.S; sourceTree = "<group>"; };
		4084D65521FA51A600A27D55 /* bootmain.c */ = {isa = PBXFileReference; lastKnownFileType = sourcecode.c.c; name = bootmain.c; path = ../bootmain.c; sourceTree = "<group>"; };
		4084D65621FA51A600A27D55 /* buf.h */ = {isa = PBXFileReference; lastKnownFileType = sourcecode.c.h; name = buf.h; path = ../buf.h; sourceTree = "<group>"; };
		4084D65721FA51A600A27D55 /* BUGS */ = {isa = PBXFileReference; lastKnownFileType = text; name = BUGS; path = ../BUGS; sourceTree = "<group>"; };
		4084D65821FA51A600A27D55 /* cat.c */ = {isa = PBXFileReference; lastKnownFileType = sourcecode.c.c; name = cat.c; path = ../cat.c; sourceTree = "<group>"; };
		4084D65921FA51A600A27D55 /* console.c */ = {isa = PBXFileReference; lastKnownFileType = sourcecode.c.c; name = console.c; path = ../console.c; sourceTree = "<group>"; };
		4084D65A21FA51A600A27D55 /* cuth */ = {isa = PBXFileReference; lastKnownFileType = text.script.perl; name = cuth; path = ../cuth; sourceTree = "<group>"; };
		4084D65B21FA51A600A27D55 /* date.h */ = {isa = PBXFileReference; lastKnownFileType = sourcecode.c.h; name = date.h; path = ../date.h; sourceTree = "<group>"; };
		4084D65C21FA51A600A27D55 /* defs.h */ = {isa = PBXFileReference; lastKnownFileType = sourcecode.c.h; name = defs.h; path = ../defs.h; sourceTree = "<group>"; };
		4084D65D21FA51A600A27D55 /* dot-bochsrc */ = {isa = PBXFileReference; lastKnownFileType = text; name = "dot-bochsrc"; path = "../dot-bochsrc"; sourceTree = "<group>"; };
		4084D65E21FA51A600A27D55 /* echo.c */ = {isa = PBXFileReference; lastKnownFileType = sourcecode.c.c; name = echo.c; path = ../echo.c; sourceTree = "<group>"; };
		4084D65F21FA51A600A27D55 /* elf.h */ = {isa = PBXFileReference; lastKnownFileType = sourcecode.c.h; name = elf.h; path = ../elf.h; sourceTree = "<group>"; };
		4084D66021FA51A600A27D55 /* entry.S */ = {isa = PBXFileReference; lastKnownFileType = sourcecode.asm; name = entry.S; path = ../entry.S; sourceTree = "<group>"; };
		4084D66121FA51A600A27D55 /* entryother.S */ = {isa = PBXFileReference; lastKnownFileType = sourcecode.asm; name = entryother.S; path = ../entryother.S; sourceTree = "<group>"; };
		4084D66221FA51A600A27D55 /* exec.c */ = {isa = PBXFileReference; lastKnownFileType = sourcecode.c.c; name = exec.c; path = ../exec.c; sourceTree = "<group>"; };
		4084D66321FA51A600A27D55 /* fcntl.h */ = {isa = PBXFileReference; lastKnownFileType = sourcecode.c.h; name = fcntl.h; path = ../fcntl.h; sourceTree = "<group>"; };
		4084D66421FA51A600A27D55 /* file.c */ = {isa = PBXFileReference; lastKnownFileType = sourcecode.c.c; name = file.c; path = ../file.c; sourceTree = "<group>"; };
		4084D66521FA51A600A27D55 /* file.h */ = {isa = PBXFileReference; lastKnownFileType = sourcecode.c.h; name = file.h; path = ../file.h; sourceTree = "<group>"; };
		4084D66621FA51A600A27D55 /* forktest.c */ = {isa = PBXFileReference; lastKnownFileType = sourcecode.c.c; name = forktest.c; path = ../forktest.c; sourceTree = "<group>"; };
		4084D66721FA51A600A27D55 /* fs.c */ = {isa = PBXFileReference; lastKnownFileType = sourcecode.c.c; name = fs.c; path = ../fs.c; sourceTree = "<group>"; };
		4084D66821FA51A600A27D55 /* fs.h */ = {isa = PBXFileReference; lastKnownFileType = sourcecode.c.h; name = fs.h; path = ../fs.h; sourceTree = "<group>"; };
		4084D66921FA51A600A27D55 /* gdbutil */ = {isa = PBXFileReference; lastKnownFileType = text; name = gdbutil; path = ../gdbutil; sourceTree = "<group>"; };
		4084D66A21FA51A600A27D55 /* grep.c */ = {isa = PBXFileReference; lastKnownFileType = sourcecode.c.c; name = grep.c; path = ../grep.c; sourceTree = "<group>"; };
		4084D66B21FA51A600A27D55 /* ide.c */ = {isa = PBXFileReference; lastKnownFileType = sourcecode.c.c; name = ide.c; path = ../ide.c; sourceTree = "<group>"; };
		4084D66C21FA51A600A27D55 /* init.c */ = {isa = PBXFileReference; lastKnownFileType = sourcecode.c.c; name = init.c; path = ../init.c; sourceTree = "<group>"; };
		4084D66D21FA51A600A27D55 /* initcode.S */ = {isa = PBXFileReference; lastKnownFileType = sourcecode.asm; name = initcode.S; path = ../initcode.S; sourceTree = "<group>"; };
		4084D66E21FA51A600A27D55 /* ioapic.c */ = {isa = PBXFileReference; lastKnownFileType = sourcecode.c.c; name = ioapic.c; path = ../ioapic.c; sourceTree = "<group>"; };
		4084D66F21FA51A600A27D55 /* kalloc.c */ = {isa = PBXFileReference; lastKnownFileType = sourcecode.c.c; name = kalloc.c; path = ../kalloc.c; sourceTree = "<group>"; };
		4084D67021FA51A600A27D55 /* kbd.c */ = {isa = PBXFileReference; lastKnownFileType = sourcecode.c.c; name = kbd.c; path = ../kbd.c; sourceTree = "<group>"; };
		4084D67121FA51A600A27D55 /* kbd.h */ = {isa = PBXFileReference; lastKnownFileType = sourcecode.c.h; name = kbd.h; path = ../kbd.h; sourceTree = "<group>"; };
		4084D67221FA51A600A27D55 /* kernel.ld */ = {isa = PBXFileReference; lastKnownFileType = text; name = kernel.ld; path = ../kernel.ld; sourceTree = "<group>"; };
		4084D67321FA51A600A27D55 /* kill.c */ = {isa = PBXFileReference; lastKnownFileType = sourcecode.c.c; name = kill.c; path = ../kill.c; sourceTree = "<group>"; };
		4084D67421FA51A600A27D55 /* lapic.c */ = {isa = PBXFileReference; lastKnownFileType = sourcecode.c.c; name = lapic.c; path = ../lapic.c; sourceTree = "<group>"; };
		4084D67521FA51A600A27D55 /* LICENSE */ = {isa = PBXFileReference; lastKnownFileType = text; name = LICENSE; path = ../LICENSE; sourceTree = "<group>"; };
		4084D67621FA51A600A27D55 /* ln.c */ = {isa = PBXFileReference; lastKnownFileType = sourcecode.c.c; name = ln.c; path = ../ln.c; sourceTree = "<group>"; };
		4084D67721FA51A600A27D55 /* log.c */ = {isa = PBXFileReference; lastKnownFileType = sourcecode.c.c; name = log.c; path = ../log.c; sourceTree = "<group>"; };
		4084D67821FA51A600A27D55 /* ls.c */ = {isa = PBXFileReference; lastKnownFileType = sourcecode.c.c; name = ls.c; path = ../ls.c; sourceTree = "<group>"; };
		4084D67921FA51A600A27D55 /* main.c */ = {isa = PBXFileReference; lastKnownFileType = sourcecode.c.c; name = main.c; path = ../main.c; sourceTree = "<group>"; };
		4084D67A21FA51A600A27D55 /* Makefile */ = {isa = PBXFileReference; lastKnownFileType = sourcecode.make; name = Makefile; path = ../Makefile; sourceTree = "<group>"; };
		4084D67B21FA51A600A27D55 /* memide.c */ = {isa = PBXFileReference; lastKnownFileType = sourcecode.c.c; name = memide.c; path = ../memide.c; sourceTree = "<group>"; };
		4084D67C21FA51A600A27D55 /* memlayout.h */ = {isa = PBXFileReference; lastKnownFileType = sourcecode.c.h; name = memlayout.h; path = ../memlayout.h; sourceTree = "<group>"; };
		4084D67D21FA51A600A27D55 /* mkdir.c */ = {isa = PBXFileReference; lastKnownFileType = sourcecode.c.c; name = mkdir.c; path = ../mkdir.c; sourceTree = "<group>"; };
		4084D67E21FA51A600A27D55 /* mkfs */ = {isa = PBXFileReference; lastKnownFileType = "compiled.mach-o.executable"; name = mkfs; path = ../mkfs; sourceTree = "<group>"; };
		4084D67F21FA51A600A27D55 /* mkfs.c */ = {isa = PBXFileReference; lastKnownFileType = sourcecode.c.c; name = mkfs.c; path = ../mkfs.c; sourceTree = "<group>"; };
		4084D68021FA51A600A27D55 /* mmu.h */ = {isa = PBXFileReference; lastKnownFileType = sourcecode.c.h; name = mmu.h; path = ../mmu.h; sourceTree = "<group>"; };
		4084D68121FA51A600A27D55 /* mp.c */ = {isa = PBXFileReference; lastKnownFileType = sourcecode.c.c; name = mp.c; path = ../mp.c; sourceTree = "<group>"; };
		4084D68221FA51A600A27D55 /* mp.h */ = {isa = PBXFileReference; lastKnownFileType = sourcecode.c.h; name = mp.h; path = ../mp.h; sourceTree = "<group>"; };
		4084D68321FA51A600A27D55 /* Notes */ = {isa = PBXFileReference; lastKnownFileType = text; name = Notes; path = ../Notes; sourceTree = "<group>"; };
		4084D68421FA51A600A27D55 /* param.h */ = {isa = PBXFileReference; lastKnownFileType = sourcecode.c.h; name = param.h; path = ../param.h; sourceTree = "<group>"; };
		4084D68521FA51A600A27D55 /* picirq.c */ = {isa = PBXFileReference; lastKnownFileType = sourcecode.c.c; name = picirq.c; path = ../picirq.c; sourceTree = "<group>"; };
		4084D68621FA51A600A27D55 /* pipe.c */ = {isa = PBXFileReference; lastKnownFileType = sourcecode.c.c; name = pipe.c; path = ../pipe.c; sourceTree = "<group>"; };
		4084D68721FA51A600A27D55 /* pr.pl */ = {isa = PBXFileReference; lastKnownFileType = text.script.perl; name = pr.pl; path = ../pr.pl; sourceTree = "<group>"; };
		4084D68821FA51A600A27D55 /* printf.c */ = {isa = PBXFileReference; lastKnownFileType = sourcecode.c.c; name = printf.c; path = ../printf.c; sourceTree = "<group>"; };
		4084D68921FA51A600A27D55 /* printpcs */ = {isa = PBXFileReference; lastKnownFileType = text.script.sh; name = printpcs; path = ../printpcs; sourceTree = "<group>"; };
		4084D68A21FA51A600A27D55 /* proc.c */ = {isa = PBXFileReference; lastKnownFileType = sourcecode.c.c; name = proc.c; path = ../proc.c; sourceTree = "<group>"; };
		4084D68B21FA51A600A27D55 /* proc.h */ = {isa = PBXFileReference; lastKnownFileType = sourcecode.c.h; name = proc.h; path = ../proc.h; sourceTree = "<group>"; };
		4084D68C21FA51A600A27D55 /* README */ = {isa = PBXFileReference; lastKnownFileType = text; name = README; path = ../README; sourceTree = "<group>"; };
		4084D68D21FA51A600A27D55 /* README.md */ = {isa = PBXFileReference; lastKnownFileType = net.daringfireball.markdown; name = README.md; path = ../README.md; sourceTree = "<group>"; };
		4084D68E21FA51A600A27D55 /* rm.c */ = {isa = PBXFileReference; lastKnownFileType = sourcecode.c.c; name = rm.c; path = ../rm.c; sourceTree = "<group>"; };
		4084D68F21FA51A600A27D55 /* runoff */ = {isa = PBXFileReference; lastKnownFileType = text.script.sh; name = runoff; path = ../runoff; sourceTree = "<group>"; };
		4084D69021FA51A600A27D55 /* runoff.list */ = {isa = PBXFileReference; lastKnownFileType = text; name = runoff.list; path = ../runoff.list; sourceTree = "<group>"; };
		4084D69121FA51A600A27D55 /* runoff.spec */ = {isa = PBXFileReference; lastKnownFileType = text; name = runoff.spec; path = ../runoff.spec; sourceTree = "<group>"; };
		4084D69221FA51A600A27D55 /* runoff1 */ = {isa = PBXFileReference; lastKnownFileType = text.script.perl; name = runoff1; path = ../runoff1; sourceTree = "<group>"; };
		4084D69321FA51A600A27D55 /* sh.c */ = {isa = PBXFileReference; lastKnownFileType = sourcecode.c.c; name = sh.c; path = ../sh.c; sourceTree = "<group>"; };
		4084D69421FA51A600A27D55 /* show1 */ = {isa = PBXFileReference; lastKnownFileType = text.script.sh; name = show1; path = ../show1; sourceTree = "<group>"; };
		4084D69521FA51A600A27D55 /* sign.pl */ = {isa = PBXFileReference; lastKnownFileType = text.script.perl; name = sign.pl; path = ../sign.pl; sourceTree = "<group>"; };
		4084D69621FA51A600A27D55 /* sleep1.p */ = {isa = PBXFileReference; lastKnownFileType = sourcecode.pascal; name = sleep1.p; path = ../sleep1.p; sourceTree = "<group>"; };
		4084D69721FA51A600A27D55 /* sleeplock.c */ = {isa = PBXFileReference; lastKnownFileType = sourcecode.c.c; name = sleeplock.c; path = ../sleeplock.c; sourceTree = "<group>"; };
		4084D69821FA51A600A27D55 /* sleeplock.h */ = {isa = PBXFileReference; lastKnownFileType = sourcecode.c.h; name = sleeplock.h; path = ../sleeplock.h; sourceTree = "<group>"; };
		4084D69921FA51A600A27D55 /* spinlock.c */ = {isa = PBXFileReference; lastKnownFileType = sourcecode.c.c; name = spinlock.c; path = ../spinlock.c; sourceTree = "<group>"; };
		4084D69A21FA51A600A27D55 /* spinlock.h */ = {isa = PBXFileReference; lastKnownFileType = sourcecode.c.h; name = spinlock.h; path = ../spinlock.h; sourceTree = "<group>"; };
		4084D69B21FA51A600A27D55 /* spinp */ = {isa = PBXFileReference; lastKnownFileType = text.script.sh; name = spinp; path = ../spinp; sourceTree = "<group>"; };
		4084D69C21FA51A600A27D55 /* stat.h */ = {isa = PBXFileReference; lastKnownFileType = sourcecode.c.h; name = stat.h; path = ../stat.h; sourceTree = "<group>"; };
		4084D69D21FA51A600A27D55 /* stressfs.c */ = {isa = PBXFileReference; lastKnownFileType = sourcecode.c.c; name = stressfs.c; path = ../stressfs.c; sourceTree = "<group>"; };
		4084D69E21FA51A600A27D55 /* string.c */ = {isa = PBXFileReference; lastKnownFileType = sourcecode.c.c; name = string.c; path = ../string.c; sourceTree = "<group>"; };
		4084D69F21FA51A600A27D55 /* swtch.S */ = {isa = PBXFileReference; lastKnownFileType = sourcecode.asm; name = swtch.S; path = ../swtch.S; sourceTree = "<group>"; };
		4084D6A021FA51A600A27D55 /* syscall.c */ = {isa = PBXFileReference; lastKnownFileType = sourcecode.c.c; name = syscall.c; path = ../syscall.c; sourceTree = "<group>"; };
		4084D6A121FA51A600A27D55 /* syscall.h */ = {isa = PBXFileReference; lastKnownFileType = sourcecode.c.h; name = syscall.h; path = ../syscall.h; sourceTree = "<group>"; };
		4084D6A221FA51A600A27D55 /* sysfile.c */ = {isa = PBXFileReference; lastKnownFileType = sourcecode.c.c; name = sysfile.c; path = ../sysfile.c; sourceTree = "<group>"; };
		4084D6A321FA51A600A27D55 /* sysproc.c */ = {isa = PBXFileReference; lastKnownFileType = sourcecode.c.c; name = sysproc.c; path = ../sysproc.c; sourceTree = "<group>"; };
		4084D6A421FA51A600A27D55 /* toc.ftr */ = {isa = PBXFileReference; lastKnownFileType = text; name = toc.ftr; path = ../toc.ftr; sourceTree = "<group>"; };
		4084D6A521FA51A600A27D55 /* toc.hdr */ = {isa = PBXFileReference; lastKnownFileType = text; name = toc.hdr; path = ../toc.hdr; sourceTree = "<group>"; };
		4084D6A621FA51A600A27D55 /* trap.c */ = {isa = PBXFileReference; lastKnownFileType = sourcecode.c.c; name = trap.c; path = ../trap.c; sourceTree = "<group>"; };
		4084D6A721FA51A600A27D55 /* trapasm.S */ = {isa = PBXFileReference; lastKnownFileType = sourcecode.asm; name = trapasm.S; path = ../trapasm.S; sourceTree = "<group>"; };
		4084D6A821FA51A600A27D55 /* traps.h */ = {isa = PBXFileReference; lastKnownFileType = sourcecode.c.h; name = traps.h; path = ../traps.h; sourceTree = "<group>"; };
		4084D6A921FA51A600A27D55 /* TRICKS */ = {isa = PBXFileReference; lastKnownFileType = text; name = TRICKS; path = ../TRICKS; sourceTree = "<group>"; };
		4084D6AA21FA51A600A27D55 /* types.h */ = {isa = PBXFileReference; lastKnownFileType = sourcecode.c.h; name = types.h; path = ../types.h; sourceTree = "<group>"; };
		4084D6AB21FA51A600A27D55 /* uart.c */ = {isa = PBXFileReference; lastKnownFileType = sourcecode.c.c; name = uart.c; path = ../uart.c; sourceTree = "<group>"; };
		4084D6AC21FA51A600A27D55 /* ulib.c */ = {isa = PBXFileReference; lastKnownFileType = sourcecode.c.c; name = ulib.c; path = ../ulib.c; sourceTree = "<group>"; };
		4084D6AD21FA51A600A27D55 /* ulib.d */ = {isa = PBXFileReference; lastKnownFileType = sourcecode.dtrace; name = ulib.d; path = ../ulib.d; sourceTree = "<group>"; };
		4084D6AE21FA51A600A27D55 /* ulib.o */ = {isa = PBXFileReference; lastKnownFileType = "compiled.mach-o.objfile"; name = ulib.o; path = ../ulib.o; sourceTree = "<group>"; };
		4084D6AF21FA51A600A27D55 /* umalloc.c */ = {isa = PBXFileReference; lastKnownFileType = sourcecode.c.c; name = umalloc.c; path = ../umalloc.c; sourceTree = "<group>"; };
		4084D6B021FA51A600A27D55 /* user.h */ = {isa = PBXFileReference; lastKnownFileType = sourcecode.c.h; name = user.h; path = ../user.h; sourceTree = "<group>"; };
		4084D6B121FA51A600A27D55 /* usertests.c */ = {isa = PBXFileReference; lastKnownFileType = sourcecode.c.c; name = usertests.c; path = ../usertests.c; sourceTree = "<group>"; };
		4084D6B221FA51A600A27D55 /* usys.S */ = {isa = PBXFileReference; lastKnownFileType = sourcecode.asm; name = usys.S; path = ../usys.S; sourceTree = "<group>"; };
		4084D6B321FA51A600A27D55 /* vectors.pl */ = {isa = PBXFileReference; lastKnownFileType = text.script.perl; name = vectors.pl; path = ../vectors.pl; sourceTree = "<group>"; };
		4084D6B421FA51A600A27D55 /* vm.c */ = {isa = PBXFileReference; lastKnownFileType = sourcecode.c.c; name = vm.c; path = ../vm.c; sourceTree = "<group>"; };
		4084D6B521FA51A600A27D55 /* wc.c */ = {isa = PBXFileReference; lastKnownFileType = sourcecode.c.c; name = wc.c; path = ../wc.c; sourceTree = "<group>"; };
		4084D6B621FA51A600A27D55 /* x86.h */ = {isa = PBXFileReference; lastKnownFileType = sourcecode.c.h; name = x86.h; path = ../x86.h; sourceTree = "<group>"; };
		4084D6B721FA51A600A27D55 /* xv6 */ = {isa = PBXFileReference; lastKnownFileType = folder; name = xv6; sourceTree = "<group>"; };
		4084D6B821FA51A600A27D55 /* zombie.c */ = {isa = PBXFileReference; lastKnownFileType = sourcecode.c.c; name = zombie.c; path = ../zombie.c; sourceTree = "<group>"; };
/* End PBXFileReference section */

/* Begin PBXGroup section */
		4084D64A21FA519300A27D55 = {
			isa = PBXGroup;
			children = (
				4084D65121FA51A600A27D55 /* #elf.h# */,
				4084D65221FA51A600A27D55 /* asm.h */,
				4084D65321FA51A600A27D55 /* bio.c */,
				4084D65421FA51A600A27D55 /* bootasm.S */,
				4084D65521FA51A600A27D55 /* bootmain.c */,
				4084D65621FA51A600A27D55 /* buf.h */,
				4084D65721FA51A600A27D55 /* BUGS */,
				4084D65821FA51A600A27D55 /* cat.c */,
				4084D65921FA51A600A27D55 /* console.c */,
				4084D65A21FA51A600A27D55 /* cuth */,
				4084D65B21FA51A600A27D55 /* date.h */,
				4084D65C21FA51A600A27D55 /* defs.h */,
				4084D65D21FA51A600A27D55 /* dot-bochsrc */,
				4084D65E21FA51A600A27D55 /* echo.c */,
				4084D65F21FA51A600A27D55 /* elf.h */,
				4084D66021FA51A600A27D55 /* entry.S */,
				4084D66121FA51A600A27D55 /* entryother.S */,
				4084D66221FA51A600A27D55 /* exec.c */,
				4084D66321FA51A600A27D55 /* fcntl.h */,
				4084D66421FA51A600A27D55 /* file.c */,
				4084D66521FA51A600A27D55 /* file.h */,
				4084D66621FA51A600A27D55 /* forktest.c */,
				4084D66721FA51A600A27D55 /* fs.c */,
				4084D66821FA51A600A27D55 /* fs.h */,
				4084D66921FA51A600A27D55 /* gdbutil */,
				4084D66A21FA51A600A27D55 /* grep.c */,
				4084D66B21FA51A600A27D55 /* ide.c */,
				4084D66C21FA51A600A27D55 /* init.c */,
				4084D66D21FA51A600A27D55 /* initcode.S */,
				4084D66E21FA51A600A27D55 /* ioapic.c */,
				4084D66F21FA51A600A27D55 /* kalloc.c */,
				4084D67021FA51A600A27D55 /* kbd.c */,
				4084D67121FA51A600A27D55 /* kbd.h */,
				4084D67221FA51A600A27D55 /* kernel.ld */,
				4084D67321FA51A600A27D55 /* kill.c */,
				4084D67421FA51A600A27D55 /* lapic.c */,
				4084D67521FA51A600A27D55 /* LICENSE */,
				4084D67621FA51A600A27D55 /* ln.c */,
				4084D67721FA51A600A27D55 /* log.c */,
				4084D67821FA51A600A27D55 /* ls.c */,
				4084D67921FA51A600A27D55 /* main.c */,
				4084D67A21FA51A600A27D55 /* Makefile */,
				4084D67B21FA51A600A27D55 /* memide.c */,
				4084D67C21FA51A600A27D55 /* memlayout.h */,
				4084D67D21FA51A600A27D55 /* mkdir.c */,
				4084D67E21FA51A600A27D55 /* mkfs */,
				4084D67F21FA51A600A27D55 /* mkfs.c */,
				4084D68021FA51A600A27D55 /* mmu.h */,
				4084D68121FA51A600A27D55 /* mp.c */,
				4084D68221FA51A600A27D55 /* mp.h */,
				4084D68321FA51A600A27D55 /* Notes */,
				4084D68421FA51A600A27D55 /* param.h */,
				4084D68521FA51A600A27D55 /* picirq.c */,
				4084D68621FA51A600A27D55 /* pipe.c */,
				4084D68721FA51A600A27D55 /* pr.pl */,
				4084D68821FA51A600A27D55 /* printf.c */,
				4084D68921FA51A600A27D55 /* printpcs */,
				4084D68A21FA51A600A27D55 /* proc.c */,
				4084D68B21FA51A600A27D55 /* proc.h */,
				4084D68C21FA51A600A27D55 /* README */,
				4084D68D21FA51A600A27D55 /* README.md */,
				4084D68E21FA51A600A27D55 /* rm.c */,
				4084D68F21FA51A600A27D55 /* runoff */,
				4084D69021FA51A600A27D55 /* runoff.list */,
				4084D69121FA51A600A27D55 /* runoff.spec */,
				4084D69221FA51A600A27D55 /* runoff1 */,
				4084D69321FA51A600A27D55 /* sh.c */,
				4084D69421FA51A600A27D55 /* show1 */,
				4084D69521FA51A600A27D55 /* sign.pl */,
				4084D69621FA51A600A27D55 /* sleep1.p */,
				4084D69721FA51A600A27D55 /* sleeplock.c */,
				4084D69821FA51A600A27D55 /* sleeplock.h */,
				4084D69921FA51A600A27D55 /* spinlock.c */,
				4084D69A21FA51A600A27D55 /* spinlock.h */,
				4084D69B21FA51A600A27D55 /* spinp */,
				4084D69C21FA51A600A27D55 /* stat.h */,
				4084D69D21FA51A600A27D55 /* stressfs.c */,
				4084D69E21FA51A600A27D55 /* string.c */,
				4084D69F21FA51A600A27D55 /* swtch.S */,
				4084D6A021FA51A600A27D55 /* syscall.c */,
				4084D6A121FA51A600A27D55 /* syscall.h */,
				4084D6A221FA51A600A27D55 /* sysfile.c */,
				4084D6A321FA51A600A27D55 /* sysproc.c */,
				4084D6A421FA51A600A27D55 /* toc.ftr */,
				4084D6A521FA51A600A27D55 /* toc.hdr */,
				4084D6A621FA51A600A27D55 /* trap.c */,
				4084D6A721FA51A600A27D55 /* trapasm.S */,
				4084D6A821FA51A600A27D55 /* traps.h */,
				4084D6A921FA51A600A27D55 /* TRICKS */,
				4084D6AA21FA51A600A27D55 /* types.h */,
				4084D6AB21FA51A600A27D55 /* uart.c */,
				4084D6AC21FA51A600A27D55 /* ulib.c */,
				4084D6AD21FA51A600A27D55 /* ulib.d */,
				4084D6AE21FA51A600A27D55 /* ulib.o */,
				4084D6AF21FA51A600A27D55 /* umalloc.c */,
				4084D6B021FA51A600A27D55 /* user.h */,
				4084D6B121FA51A600A27D55 /* usertests.c */,
				4084D6B221FA51A600A27D55 /* usys.S */,
				4084D6B321FA51A600A27D55 /* vectors.pl */,
				4084D6B421FA51A600A27D55 /* vm.c */,
				4084D6B521FA51A600A27D55 /* wc.c */,
				4084D6B621FA51A600A27D55 /* x86.h */,
				4084D6B721FA51A600A27D55 /* xv6 */,
				4084D6B821FA51A600A27D55 /* zombie.c */,
			);
			sourceTree = "<group>";
		};
/* End PBXGroup section */

/* Begin PBXProject section */
		4084D64B21FA519300A27D55 /* Project object */ = {
			isa = PBXProject;
			attributes = {
				LastUpgradeCheck = 0810;
			};
			buildConfigurationList = 4084D64E21FA519300A27D55 /* Build configuration list for PBXProject "xv6" */;
			compatibilityVersion = "Xcode 3.2";
			developmentRegion = English;
			hasScannedForEncodings = 0;
			knownRegions = (
				en,
			);
			mainGroup = 4084D64A21FA519300A27D55;
			projectDirPath = "";
			projectRoot = "";
			targets = (
			);
		};
/* End PBXProject section */

/* Begin XCBuildConfiguration section */
		4084D64F21FA519300A27D55 /* Debug */ = {
			isa = XCBuildConfiguration;
			buildSettings = {
			};
			name = Debug;
		};
		4084D65021FA519300A27D55 /* Release */ = {
			isa = XCBuildConfiguration;
			buildSettings = {
			};
			name = Release;
		};
/* End XCBuildConfiguration section */

/* Begin XCConfigurationList section */
		4084D64E21FA519300A27D55 /* Build configuration list for PBXProject "xv6" */ = {
			isa = XCConfigurationList;
			buildConfigurations = (
				4084D64F21FA519300A27D55 /* Debug */,
				4084D65021FA519300A27D55 /* Release */,
			);
			defaultConfigurationIsVisible = 0;
			defaultConfigurationName = Release;
		};
/* End XCConfigurationList section */
	};
	rootObject = 4084D64B21FA519300A27D55 /* Project object */;
}
